
Microsoft Visual Studio Solution File, Format Version 12.00
# Visual Studio Version 17
VisualStudioVersion = 17.10.35004.147
MinimumVisualStudioVersion = 10.0.40219.1
Project("{F184B08F-C81C-45F6-A57F-5ABD9991F28F}") = "WindowsApp2", "WindowsApp2\WindowsApp2.vbproj", "{8EE5B26C-C869-49E5-BA3B-3E6C4E2FD1A7}"
EndProject
Global
	GlobalSection(SolutionConfigurationPlatforms) = preSolution
		Debug|Any CPU = Debug|Any CPU
		Release|Any CPU = Release|Any CPU
	EndGlobalSection
	GlobalSection(ProjectConfigurationPlatforms) = postSolution
		{8EE5B26C-C869-49E5-BA3B-3E6C4E2FD1A7}.Debug|Any CPU.ActiveCfg = Debug|Any CPU
		{8EE5B26C-C869-49E5-BA3B-3E6C4E2FD1A7}.Debug|Any CPU.Build.0 = Debug|Any CPU
		{8EE5B26C-C869-49E5-BA3B-3E6C4E2FD1A7}.Release|Any CPU.ActiveCfg = Release|Any CPU
		{8EE5B26C-C869-49E5-BA3B-3E6C4E2FD1A7}.Release|Any CPU.Build.0 = Release|Any CPU
	EndGlobalSection
	GlobalSection(SolutionProperties) = preSolution
		HideSolutionNode = FALSE
	EndGlobalSection
	GlobalSection(ExtensibilityGlobals) = postSolution
		SolutionGuid = {CB2E9227-A64B-46A6-8A86-21E426815EBA}
	EndGlobalSection
EndGlobal
